// !$*UTF8*$!
{
	archiveVersion = 1;
	classes = {
	};
	objectVersion = 77;
	objects = {

/* Begin PBXBuildFile section */
		F7592B322CF217C1004C8606 /* AppDelegate.swift in Sources */ = {isa = PBXBuildFile; fileRef = F7592B2A2CF217C1004C8606 /* AppDelegate.swift */; };
		F7592B332CF217C1004C8606 /* SceneDelegate.swift in Sources */ = {isa = PBXBuildFile; fileRef = F7592B2F2CF217C1004C8606 /* SceneDelegate.swift */; };
		F7592B352CF217C1004C8606 /* Assets.xcassets in Resources */ = {isa = PBXBuildFile; fileRef = F7592B2B2CF217C1004C8606 /* Assets.xcassets */; };
		F7592B372CF217C1004C8606 /* LaunchScreen.storyboard in Resources */ = {isa = PBXBuildFile; fileRef = F7592B2E2CF217C1004C8606 /* LaunchScreen.storyboard */; };
		F7615B542CF473ED003C8F8A /* LoginViewController.swift in Sources */ = {isa = PBXBuildFile; fileRef = F7615B522CF473ED003C8F8A /* LoginViewController.swift */; };
		F7615B552CF473ED003C8F8A /* LoginViewController.xib in Resources */ = {isa = PBXBuildFile; fileRef = F7615B532CF473ED003C8F8A /* LoginViewController.xib */; };
/* End PBXBuildFile section */

/* Begin PBXContainerItemProxy section */
		F7592B0D2CF21700004C8606 /* PBXContainerItemProxy */ = {
			isa = PBXContainerItemProxy;
			containerPortal = F7592AEE2CF216FF004C8606 /* Project object */;
			proxyType = 1;
			remoteGlobalIDString = F7592AF52CF216FF004C8606;
			remoteInfo = "DBHeroes-Reactivo";
		};
		F7592B172CF21700004C8606 /* PBXContainerItemProxy */ = {
			isa = PBXContainerItemProxy;
			containerPortal = F7592AEE2CF216FF004C8606 /* Project object */;
			proxyType = 1;
			remoteGlobalIDString = F7592AF52CF216FF004C8606;
			remoteInfo = "DBHeroes-Reactivo";
		};
/* End PBXContainerItemProxy section */

/* Begin PBXFileReference section */
		F7592AF62CF216FF004C8606 /* DBHeroes-Reactivo.app */ = {isa = PBXFileReference; explicitFileType = wrapper.application; includeInIndex = 0; path = "DBHeroes-Reactivo.app"; sourceTree = BUILT_PRODUCTS_DIR; };
		F7592B0C2CF21700004C8606 /* DBHeroes-ReactivoTests.xctest */ = {isa = PBXFileReference; explicitFileType = wrapper.cfbundle; includeInIndex = 0; path = "DBHeroes-ReactivoTests.xctest"; sourceTree = BUILT_PRODUCTS_DIR; };
		F7592B162CF21700004C8606 /* DBHeroes-ReactivoUITests.xctest */ = {isa = PBXFileReference; explicitFileType = wrapper.cfbundle; includeInIndex = 0; path = "DBHeroes-ReactivoUITests.xctest"; sourceTree = BUILT_PRODUCTS_DIR; };
		F7592B2A2CF217C1004C8606 /* AppDelegate.swift */ = {isa = PBXFileReference; lastKnownFileType = sourcecode.swift; path = AppDelegate.swift; sourceTree = "<group>"; };
		F7592B2B2CF217C1004C8606 /* Assets.xcassets */ = {isa = PBXFileReference; lastKnownFileType = folder.assetcatalog; path = Assets.xcassets; sourceTree = "<group>"; };
		F7592B2C2CF217C1004C8606 /* Info.plist */ = {isa = PBXFileReference; lastKnownFileType = text.plist.xml; path = Info.plist; sourceTree = "<group>"; };
		F7592B2D2CF217C1004C8606 /* Base */ = {isa = PBXFileReference; lastKnownFileType = file.storyboard; name = Base; path = Base.lproj/LaunchScreen.storyboard; sourceTree = "<group>"; };
		F7592B2F2CF217C1004C8606 /* SceneDelegate.swift */ = {isa = PBXFileReference; lastKnownFileType = sourcecode.swift; path = SceneDelegate.swift; sourceTree = "<group>"; };
		F7615B522CF473ED003C8F8A /* LoginViewController.swift */ = {isa = PBXFileReference; lastKnownFileType = sourcecode.swift; path = LoginViewController.swift; sourceTree = "<group>"; };
		F7615B532CF473ED003C8F8A /* LoginViewController.xib */ = {isa = PBXFileReference; lastKnownFileType = file.xib; path = LoginViewController.xib; sourceTree = "<group>"; };
/* End PBXFileReference section */

/* Begin PBXFileSystemSynchronizedRootGroup section */
		F7592B0F2CF21700004C8606 /* DBHeroes-ReactivoTests */ = {
			isa = PBXFileSystemSynchronizedRootGroup;
			path = "DBHeroes-ReactivoTests";
			sourceTree = "<group>";
		};
		F7592B192CF21700004C8606 /* DBHeroes-ReactivoUITests */ = {
			isa = PBXFileSystemSynchronizedRootGroup;
			path = "DBHeroes-ReactivoUITests";
			sourceTree = "<group>";
		};
/* End PBXFileSystemSynchronizedRootGroup section */

/* Begin PBXFrameworksBuildPhase section */
		F7592AF32CF216FF004C8606 /* Frameworks */ = {
			isa = PBXFrameworksBuildPhase;
			buildActionMask = 2147483647;
			files = (
			);
			runOnlyForDeploymentPostprocessing = 0;
		};
		F7592B092CF21700004C8606 /* Frameworks */ = {
			isa = PBXFrameworksBuildPhase;
			buildActionMask = 2147483647;
			files = (
			);
			runOnlyForDeploymentPostprocessing = 0;
		};
		F7592B132CF21700004C8606 /* Frameworks */ = {
			isa = PBXFrameworksBuildPhase;
			buildActionMask = 2147483647;
			files = (
			);
			runOnlyForDeploymentPostprocessing = 0;
		};
/* End PBXFrameworksBuildPhase section */

/* Begin PBXGroup section */
		F7592AED2CF216FF004C8606 = {
			isa = PBXGroup;
			children = (
				F7592B312CF217C1004C8606 /* DBHeroes-Reactivo */,
				F7592B0F2CF21700004C8606 /* DBHeroes-ReactivoTests */,
				F7592B192CF21700004C8606 /* DBHeroes-ReactivoUITests */,
				F7592AF72CF216FF004C8606 /* Products */,
			);
			sourceTree = "<group>";
		};
		F7592AF72CF216FF004C8606 /* Products */ = {
			isa = PBXGroup;
			children = (
				F7592AF62CF216FF004C8606 /* DBHeroes-Reactivo.app */,
				F7592B0C2CF21700004C8606 /* DBHeroes-ReactivoTests.xctest */,
				F7592B162CF21700004C8606 /* DBHeroes-ReactivoUITests.xctest */,
			);
			name = Products;
			sourceTree = "<group>";
		};
		F7592B312CF217C1004C8606 /* DBHeroes-Reactivo */ = {
			isa = PBXGroup;
			children = (
				F7592B392CF2183E004C8606 /* Presentation */,
				F7592B3A2CF21846004C8606 /* Domain */,
				F7592B3B2CF21850004C8606 /* Data */,
				F7592B382CF217C9004C8606 /* SupportFiles */,
			);
			path = "DBHeroes-Reactivo";
			sourceTree = "<group>";
		};
		F7592B382CF217C9004C8606 /* SupportFiles */ = {
			isa = PBXGroup;
			children = (
				F7592B2B2CF217C1004C8606 /* Assets.xcassets */,
				F7592B2A2CF217C1004C8606 /* AppDelegate.swift */,
				F7592B2C2CF217C1004C8606 /* Info.plist */,
				F7592B2E2CF217C1004C8606 /* LaunchScreen.storyboard */,
				F7592B2F2CF217C1004C8606 /* SceneDelegate.swift */,
			);
			path = SupportFiles;
			sourceTree = "<group>";
		};
		F7592B392CF2183E004C8606 /* Presentation */ = {
			isa = PBXGroup;
			children = (
				F7592B3D2CF21865004C8606 /* ViewModels */,
				F7592B3C2CF2185E004C8606 /* Views */,
			);
			path = Presentation;
			sourceTree = "<group>";
		};
		F7592B3A2CF21846004C8606 /* Domain */ = {
			isa = PBXGroup;
			children = (
				F7592B452CF218EB004C8606 /* Extensions */,
				F7592B442CF218E0004C8606 /* UseCase */,
				F7592B432CF218D7004C8606 /* Entities */,
				F7592B422CF218CE004C8606 /* Protocols */,
				F7592B412CF218C5004C8606 /* Tools */,
			);
			path = Domain;
			sourceTree = "<group>";
		};
		F7592B3B2CF21850004C8606 /* Data */ = {
			isa = PBXGroup;
			children = (
				F7592B402CF218B4004C8606 /* Repositories */,
				F7592B3F2CF218A9004C8606 /* Local */,
				F7592B3E2CF21879004C8606 /* Network */,
			);
			path = Data;
			sourceTree = "<group>";
		};
		F7592B3C2CF2185E004C8606 /* Views */ = {
			isa = PBXGroup;
			children = (
				F7615B522CF473ED003C8F8A /* LoginViewController.swift */,
				F7615B532CF473ED003C8F8A /* LoginViewController.xib */,
			);
			path = Views;
			sourceTree = "<group>";
		};
		F7592B3D2CF21865004C8606 /* ViewModels */ = {
			isa = PBXGroup;
			children = (
			);
			path = ViewModels;
			sourceTree = "<group>";
		};
		F7592B3E2CF21879004C8606 /* Network */ = {
			isa = PBXGroup;
			children = (
			);
			path = Network;
			sourceTree = "<group>";
		};
		F7592B3F2CF218A9004C8606 /* Local */ = {
			isa = PBXGroup;
			children = (
			);
			path = Local;
			sourceTree = "<group>";
		};
		F7592B402CF218B4004C8606 /* Repositories */ = {
			isa = PBXGroup;
			children = (
			);
			path = Repositories;
			sourceTree = "<group>";
		};
		F7592B412CF218C5004C8606 /* Tools */ = {
			isa = PBXGroup;
			children = (
			);
			path = Tools;
			sourceTree = "<group>";
		};
		F7592B422CF218CE004C8606 /* Protocols */ = {
			isa = PBXGroup;
			children = (
			);
			path = Protocols;
			sourceTree = "<group>";
		};
		F7592B432CF218D7004C8606 /* Entities */ = {
			isa = PBXGroup;
			children = (
			);
			path = Entities;
			sourceTree = "<group>";
		};
		F7592B442CF218E0004C8606 /* UseCase */ = {
			isa = PBXGroup;
			children = (
			);
			path = UseCase;
			sourceTree = "<group>";
		};
		F7592B452CF218EB004C8606 /* Extensions */ = {
			isa = PBXGroup;
			children = (
			);
			path = Extensions;
			sourceTree = "<group>";
		};
/* End PBXGroup section */

/* Begin PBXNativeTarget section */
		F7592AF52CF216FF004C8606 /* DBHeroes-Reactivo */ = {
			isa = PBXNativeTarget;
			buildConfigurationList = F7592B1F2CF21700004C8606 /* Build configuration list for PBXNativeTarget "DBHeroes-Reactivo" */;
			buildPhases = (
				F7592AF22CF216FF004C8606 /* Sources */,
				F7592AF32CF216FF004C8606 /* Frameworks */,
				F7592AF42CF216FF004C8606 /* Resources */,
			);
			buildRules = (
			);
			dependencies = (
			);
			name = "DBHeroes-Reactivo";
			packageProductDependencies = (
			);
			productName = "DBHeroes-Reactivo";
			productReference = F7592AF62CF216FF004C8606 /* DBHeroes-Reactivo.app */;
			productType = "com.apple.product-type.application";
		};
		F7592B0B2CF21700004C8606 /* DBHeroes-ReactivoTests */ = {
			isa = PBXNativeTarget;
			buildConfigurationList = F7592B242CF21700004C8606 /* Build configuration list for PBXNativeTarget "DBHeroes-ReactivoTests" */;
			buildPhases = (
				F7592B082CF21700004C8606 /* Sources */,
				F7592B092CF21700004C8606 /* Frameworks */,
				F7592B0A2CF21700004C8606 /* Resources */,
			);
			buildRules = (
			);
			dependencies = (
				F7592B0E2CF21700004C8606 /* PBXTargetDependency */,
			);
			fileSystemSynchronizedGroups = (
				F7592B0F2CF21700004C8606 /* DBHeroes-ReactivoTests */,
			);
			name = "DBHeroes-ReactivoTests";
			packageProductDependencies = (
			);
			productName = "DBHeroes-ReactivoTests";
			productReference = F7592B0C2CF21700004C8606 /* DBHeroes-ReactivoTests.xctest */;
			productType = "com.apple.product-type.bundle.unit-test";
		};
		F7592B152CF21700004C8606 /* DBHeroes-ReactivoUITests */ = {
			isa = PBXNativeTarget;
			buildConfigurationList = F7592B272CF21700004C8606 /* Build configuration list for PBXNativeTarget "DBHeroes-ReactivoUITests" */;
			buildPhases = (
				F7592B122CF21700004C8606 /* Sources */,
				F7592B132CF21700004C8606 /* Frameworks */,
				F7592B142CF21700004C8606 /* Resources */,
			);
			buildRules = (
			);
			dependencies = (
				F7592B182CF21700004C8606 /* PBXTargetDependency */,
			);
			fileSystemSynchronizedGroups = (
				F7592B192CF21700004C8606 /* DBHeroes-ReactivoUITests */,
			);
			name = "DBHeroes-ReactivoUITests";
			packageProductDependencies = (
			);
			productName = "DBHeroes-ReactivoUITests";
			productReference = F7592B162CF21700004C8606 /* DBHeroes-ReactivoUITests.xctest */;
			productType = "com.apple.product-type.bundle.ui-testing";
		};
/* End PBXNativeTarget section */

/* Begin PBXProject section */
		F7592AEE2CF216FF004C8606 /* Project object */ = {
			isa = PBXProject;
			attributes = {
				BuildIndependentTargetsInParallel = 1;
				LastSwiftUpdateCheck = 1610;
				LastUpgradeCheck = 1610;
				TargetAttributes = {
					F7592AF52CF216FF004C8606 = {
						CreatedOnToolsVersion = 16.1;
					};
					F7592B0B2CF21700004C8606 = {
						CreatedOnToolsVersion = 16.1;
						TestTargetID = F7592AF52CF216FF004C8606;
					};
					F7592B152CF21700004C8606 = {
						CreatedOnToolsVersion = 16.1;
						TestTargetID = F7592AF52CF216FF004C8606;
					};
				};
			};
			buildConfigurationList = F7592AF12CF216FF004C8606 /* Build configuration list for PBXProject "DBHeroes-Reactivo" */;
			developmentRegion = en;
			hasScannedForEncodings = 0;
			knownRegions = (
				en,
				Base,
			);
			mainGroup = F7592AED2CF216FF004C8606;
			minimizedProjectReferenceProxies = 1;
			preferredProjectObjectVersion = 77;
			productRefGroup = F7592AF72CF216FF004C8606 /* Products */;
			projectDirPath = "";
			projectRoot = "";
			targets = (
				F7592AF52CF216FF004C8606 /* DBHeroes-Reactivo */,
				F7592B0B2CF21700004C8606 /* DBHeroes-ReactivoTests */,
				F7592B152CF21700004C8606 /* DBHeroes-ReactivoUITests */,
			);
		};
/* End PBXProject section */

/* Begin PBXResourcesBuildPhase section */
		F7592AF42CF216FF004C8606 /* Resources */ = {
			isa = PBXResourcesBuildPhase;
			buildActionMask = 2147483647;
			files = (
				F7592B352CF217C1004C8606 /* Assets.xcassets in Resources */,
				F7592B372CF217C1004C8606 /* LaunchScreen.storyboard in Resources */,
				F7615B552CF473ED003C8F8A /* LoginViewController.xib in Resources */,
			);
			runOnlyForDeploymentPostprocessing = 0;
		};
		F7592B0A2CF21700004C8606 /* Resources */ = {
			isa = PBXResourcesBuildPhase;
			buildActionMask = 2147483647;
			files = (
			);
			runOnlyForDeploymentPostprocessing = 0;
		};
		F7592B142CF21700004C8606 /* Resources */ = {
			isa = PBXResourcesBuildPhase;
			buildActionMask = 2147483647;
			files = (
			);
			runOnlyForDeploymentPostprocessing = 0;
		};
/* End PBXResourcesBuildPhase section */

/* Begin PBXSourcesBuildPhase section */
		F7592AF22CF216FF004C8606 /* Sources */ = {
			isa = PBXSourcesBuildPhase;
			buildActionMask = 2147483647;
			files = (
				F7615B542CF473ED003C8F8A /* LoginViewController.swift in Sources */,
				F7592B322CF217C1004C8606 /* AppDelegate.swift in Sources */,
				F7592B332CF217C1004C8606 /* SceneDelegate.swift in Sources */,
			);
			runOnlyForDeploymentPostprocessing = 0;
		};
		F7592B082CF21700004C8606 /* Sources */ = {
			isa = PBXSourcesBuildPhase;
			buildActionMask = 2147483647;
			files = (
			);
			runOnlyForDeploymentPostprocessing = 0;
		};
		F7592B122CF21700004C8606 /* Sources */ = {
			isa = PBXSourcesBuildPhase;
			buildActionMask = 2147483647;
			files = (
			);
			runOnlyForDeploymentPostprocessing = 0;
		};
/* End PBXSourcesBuildPhase section */

/* Begin PBXTargetDependency section */
		F7592B0E2CF21700004C8606 /* PBXTargetDependency */ = {
			isa = PBXTargetDependency;
			target = F7592AF52CF216FF004C8606 /* DBHeroes-Reactivo */;
			targetProxy = F7592B0D2CF21700004C8606 /* PBXContainerItemProxy */;
		};
		F7592B182CF21700004C8606 /* PBXTargetDependency */ = {
			isa = PBXTargetDependency;
			target = F7592AF52CF216FF004C8606 /* DBHeroes-Reactivo */;
			targetProxy = F7592B172CF21700004C8606 /* PBXContainerItemProxy */;
		};
/* End PBXTargetDependency section */

/* Begin PBXVariantGroup section */
		F7592B2E2CF217C1004C8606 /* LaunchScreen.storyboard */ = {
			isa = PBXVariantGroup;
			children = (
				F7592B2D2CF217C1004C8606 /* Base */,
			);
			name = LaunchScreen.storyboard;
			sourceTree = "<group>";
		};
/* End PBXVariantGroup section */

/* Begin XCBuildConfiguration section */
		F7592B202CF21700004C8606 /* Debug */ = {
			isa = XCBuildConfiguration;
			buildSettings = {
				ASSETCATALOG_COMPILER_APPICON_NAME = AppIcon;
				ASSETCATALOG_COMPILER_GLOBAL_ACCENT_COLOR_NAME = AccentColor;
				CODE_SIGN_STYLE = Automatic;
				CURRENT_PROJECT_VERSION = 1;
				GENERATE_INFOPLIST_FILE = YES;
				INFOPLIST_FILE = "DBHeroes-Reactivo/SupportFiles/Info.plist";
				INFOPLIST_KEY_UIApplicationSupportsIndirectInputEvents = YES;
				INFOPLIST_KEY_UILaunchStoryboardName = LaunchScreen;
				INFOPLIST_KEY_UISupportedInterfaceOrientations_iPad = "UIInterfaceOrientationPortrait UIInterfaceOrientationPortraitUpsideDown UIInterfaceOrientationLandscapeLeft UIInterfaceOrientationLandscapeRight";
				INFOPLIST_KEY_UISupportedInterfaceOrientations_iPhone = "UIInterfaceOrientationPortrait UIInterfaceOrientationLandscapeLeft UIInterfaceOrientationLandscapeRight";
				LD_RUNPATH_SEARCH_PATHS = (
					"$(inherited)",
					"@executable_path/Frameworks",
				);
				MARKETING_VERSION = 1.0;
				PRODUCT_BUNDLE_IDENTIFIER = "com.Diego.DBHeroes-Reactivo";
				PRODUCT_NAME = "$(TARGET_NAME)";
				SUPPORTED_PLATFORMS = "iphoneos iphonesimulator";
				SUPPORTS_MACCATALYST = NO;
				SUPPORTS_MAC_DESIGNED_FOR_IPHONE_IPAD = NO;
				SUPPORTS_XR_DESIGNED_FOR_IPHONE_IPAD = NO;
				SWIFT_EMIT_LOC_STRINGS = YES;
				SWIFT_VERSION = 5.0;
				TARGETED_DEVICE_FAMILY = "1,2";
			};
			name = Debug;
		};
		F7592B212CF21700004C8606 /* Release */ = {
			isa = XCBuildConfiguration;
			buildSettings = {
				ASSETCATALOG_COMPILER_APPICON_NAME = AppIcon;
				ASSETCATALOG_COMPILER_GLOBAL_ACCENT_COLOR_NAME = AccentColor;
				CODE_SIGN_STYLE = Automatic;
				CURRENT_PROJECT_VERSION = 1;
				GENERATE_INFOPLIST_FILE = YES;
				INFOPLIST_FILE = "DBHeroes-Reactivo/SupportFiles/Info.plist";
				INFOPLIST_KEY_UIApplicationSupportsIndirectInputEvents = YES;
				INFOPLIST_KEY_UILaunchStoryboardName = LaunchScreen;
				INFOPLIST_KEY_UISupportedInterfaceOrientations_iPad = "UIInterfaceOrientationPortrait UIInterfaceOrientationPortraitUpsideDown UIInterfaceOrientationLandscapeLeft UIInterfaceOrientationLandscapeRight";
				INFOPLIST_KEY_UISupportedInterfaceOrientations_iPhone = "UIInterfaceOrientationPortrait UIInterfaceOrientationLandscapeLeft UIInterfaceOrientationLandscapeRight";
				LD_RUNPATH_SEARCH_PATHS = (
					"$(inherited)",
					"@executable_path/Frameworks",
				);
				MARKETING_VERSION = 1.0;
				PRODUCT_BUNDLE_IDENTIFIER = "com.Diego.DBHeroes-Reactivo";
				PRODUCT_NAME = "$(TARGET_NAME)";
				SUPPORTED_PLATFORMS = "iphoneos iphonesimulator";
				SUPPORTS_MACCATALYST = NO;
				SUPPORTS_MAC_DESIGNED_FOR_IPHONE_IPAD = NO;
				SUPPORTS_XR_DESIGNED_FOR_IPHONE_IPAD = NO;
				SWIFT_EMIT_LOC_STRINGS = YES;
				SWIFT_VERSION = 5.0;
				TARGETED_DEVICE_FAMILY = "1,2";
			};
			name = Release;
		};
		F7592B222CF21700004C8606 /* Debug */ = {
			isa = XCBuildConfiguration;
			buildSettings = {
				ALWAYS_SEARCH_USER_PATHS = NO;
				ASSETCATALOG_COMPILER_GENERATE_SWIFT_ASSET_SYMBOL_EXTENSIONS = YES;
				CLANG_ANALYZER_NONNULL = YES;
				CLANG_ANALYZER_NUMBER_OBJECT_CONVERSION = YES_AGGRESSIVE;
				CLANG_CXX_LANGUAGE_STANDARD = "gnu++20";
				CLANG_ENABLE_MODULES = YES;
				CLANG_ENABLE_OBJC_ARC = YES;
				CLANG_ENABLE_OBJC_WEAK = YES;
				CLANG_WARN_BLOCK_CAPTURE_AUTORELEASING = YES;
				CLANG_WARN_BOOL_CONVERSION = YES;
				CLANG_WARN_COMMA = YES;
				CLANG_WARN_CONSTANT_CONVERSION = YES;
				CLANG_WARN_DEPRECATED_OBJC_IMPLEMENTATIONS = YES;
				CLANG_WARN_DIRECT_OBJC_ISA_USAGE = YES_ERROR;
				CLANG_WARN_DOCUMENTATION_COMMENTS = YES;
				CLANG_WARN_EMPTY_BODY = YES;
				CLANG_WARN_ENUM_CONVERSION = YES;
				CLANG_WARN_INFINITE_RECURSION = YES;
				CLANG_WARN_INT_CONVERSION = YES;
				CLANG_WARN_NON_LITERAL_NULL_CONVERSION = YES;
				CLANG_WARN_OBJC_IMPLICIT_RETAIN_SELF = YES;
				CLANG_WARN_OBJC_LITERAL_CONVERSION = YES;
				CLANG_WARN_OBJC_ROOT_CLASS = YES_ERROR;
				CLANG_WARN_QUOTED_INCLUDE_IN_FRAMEWORK_HEADER = YES;
				CLANG_WARN_RANGE_LOOP_ANALYSIS = YES;
				CLANG_WARN_STRICT_PROTOTYPES = YES;
				CLANG_WARN_SUSPICIOUS_MOVE = YES;
				CLANG_WARN_UNGUARDED_AVAILABILITY = YES_AGGRESSIVE;
				CLANG_WARN_UNREACHABLE_CODE = YES;
				CLANG_WARN__DUPLICATE_METHOD_MATCH = YES;
				COPY_PHASE_STRIP = NO;
				DEBUG_INFORMATION_FORMAT = dwarf;
				ENABLE_STRICT_OBJC_MSGSEND = YES;
				ENABLE_TESTABILITY = YES;
				ENABLE_USER_SCRIPT_SANDBOXING = YES;
				GCC_C_LANGUAGE_STANDARD = gnu17;
				GCC_DYNAMIC_NO_PIC = NO;
				GCC_NO_COMMON_BLOCKS = YES;
				GCC_OPTIMIZATION_LEVEL = 0;
				GCC_PREPROCESSOR_DEFINITIONS = (
					"DEBUG=1",
					"$(inherited)",
				);
				GCC_WARN_64_TO_32_BIT_CONVERSION = YES;
				GCC_WARN_ABOUT_RETURN_TYPE = YES_ERROR;
				GCC_WARN_UNDECLARED_SELECTOR = YES;
				GCC_WARN_UNINITIALIZED_AUTOS = YES_AGGRESSIVE;
				GCC_WARN_UNUSED_FUNCTION = YES;
				GCC_WARN_UNUSED_VARIABLE = YES;
				IPHONEOS_DEPLOYMENT_TARGET = 18.1;
				LOCALIZATION_PREFERS_STRING_CATALOGS = YES;
				MTL_ENABLE_DEBUG_INFO = INCLUDE_SOURCE;
				MTL_FAST_MATH = YES;
				ONLY_ACTIVE_ARCH = YES;
				SDKROOT = iphoneos;
				SWIFT_ACTIVE_COMPILATION_CONDITIONS = "DEBUG $(inherited)";
				SWIFT_OPTIMIZATION_LEVEL = "-Onone";
			};
			name = Debug;
		};
		F7592B232CF21700004C8606 /* Release */ = {
			isa = XCBuildConfiguration;
			buildSettings = {
				ALWAYS_SEARCH_USER_PATHS = NO;
				ASSETCATALOG_COMPILER_GENERATE_SWIFT_ASSET_SYMBOL_EXTENSIONS = YES;
				CLANG_ANALYZER_NONNULL = YES;
				CLANG_ANALYZER_NUMBER_OBJECT_CONVERSION = YES_AGGRESSIVE;
				CLANG_CXX_LANGUAGE_STANDARD = "gnu++20";
				CLANG_ENABLE_MODULES = YES;
				CLANG_ENABLE_OBJC_ARC = YES;
				CLANG_ENABLE_OBJC_WEAK = YES;
				CLANG_WARN_BLOCK_CAPTURE_AUTORELEASING = YES;
				CLANG_WARN_BOOL_CONVERSION = YES;
				CLANG_WARN_COMMA = YES;
				CLANG_WARN_CONSTANT_CONVERSION = YES;
				CLANG_WARN_DEPRECATED_OBJC_IMPLEMENTATIONS = YES;
				CLANG_WARN_DIRECT_OBJC_ISA_USAGE = YES_ERROR;
				CLANG_WARN_DOCUMENTATION_COMMENTS = YES;
				CLANG_WARN_EMPTY_BODY = YES;
				CLANG_WARN_ENUM_CONVERSION = YES;
				CLANG_WARN_INFINITE_RECURSION = YES;
				CLANG_WARN_INT_CONVERSION = YES;
				CLANG_WARN_NON_LITERAL_NULL_CONVERSION = YES;
				CLANG_WARN_OBJC_IMPLICIT_RETAIN_SELF = YES;
				CLANG_WARN_OBJC_LITERAL_CONVERSION = YES;
				CLANG_WARN_OBJC_ROOT_CLASS = YES_ERROR;
				CLANG_WARN_QUOTED_INCLUDE_IN_FRAMEWORK_HEADER = YES;
				CLANG_WARN_RANGE_LOOP_ANALYSIS = YES;
				CLANG_WARN_STRICT_PROTOTYPES = YES;
				CLANG_WARN_SUSPICIOUS_MOVE = YES;
				CLANG_WARN_UNGUARDED_AVAILABILITY = YES_AGGRESSIVE;
				CLANG_WARN_UNREACHABLE_CODE = YES;
				CLANG_WARN__DUPLICATE_METHOD_MATCH = YES;
				COPY_PHASE_STRIP = NO;
				DEBUG_INFORMATION_FORMAT = "dwarf-with-dsym";
				ENABLE_NS_ASSERTIONS = NO;
				ENABLE_STRICT_OBJC_MSGSEND = YES;
				ENABLE_USER_SCRIPT_SANDBOXING = YES;
				GCC_C_LANGUAGE_STANDARD = gnu17;
				GCC_NO_COMMON_BLOCKS = YES;
				GCC_WARN_64_TO_32_BIT_CONVERSION = YES;
				GCC_WARN_ABOUT_RETURN_TYPE = YES_ERROR;
				GCC_WARN_UNDECLARED_SELECTOR = YES;
				GCC_WARN_UNINITIALIZED_AUTOS = YES_AGGRESSIVE;
				GCC_WARN_UNUSED_FUNCTION = YES;
				GCC_WARN_UNUSED_VARIABLE = YES;
				IPHONEOS_DEPLOYMENT_TARGET = 18.1;
				LOCALIZATION_PREFERS_STRING_CATALOGS = YES;
				MTL_ENABLE_DEBUG_INFO = NO;
				MTL_FAST_MATH = YES;
				SDKROOT = iphoneos;
				SWIFT_COMPILATION_MODE = wholemodule;
				VALIDATE_PRODUCT = YES;
			};
			name = Release;
		};
		F7592B252CF21700004C8606 /* Debug */ = {
			isa = XCBuildConfiguration;
			buildSettings = {
				BUNDLE_LOADER = "$(TEST_HOST)";
				CODE_SIGN_STYLE = Automatic;
				CURRENT_PROJECT_VERSION = 1;
				GENERATE_INFOPLIST_FILE = YES;
				IPHONEOS_DEPLOYMENT_TARGET = 18.1;
				MARKETING_VERSION = 1.0;
				PRODUCT_BUNDLE_IDENTIFIER = "com.Diego.DBHeroes-ReactivoTests";
				PRODUCT_NAME = "$(TARGET_NAME)";
				SWIFT_EMIT_LOC_STRINGS = NO;
				SWIFT_VERSION = 5.0;
				TARGETED_DEVICE_FAMILY = "1,2";
				TEST_HOST = "$(BUILT_PRODUCTS_DIR)/DBHeroes-Reactivo.app/$(BUNDLE_EXECUTABLE_FOLDER_PATH)/DBHeroes-Reactivo";
			};
			name = Debug;
		};
		F7592B262CF21700004C8606 /* Release */ = {
			isa = XCBuildConfiguration;
			buildSettings = {
				BUNDLE_LOADER = "$(TEST_HOST)";
				CODE_SIGN_STYLE = Automatic;
				CURRENT_PROJECT_VERSION = 1;
				GENERATE_INFOPLIST_FILE = YES;
				IPHONEOS_DEPLOYMENT_TARGET = 18.1;
				MARKETING_VERSION = 1.0;
				PRODUCT_BUNDLE_IDENTIFIER = "com.Diego.DBHeroes-ReactivoTests";
				PRODUCT_NAME = "$(TARGET_NAME)";
				SWIFT_EMIT_LOC_STRINGS = NO;
				SWIFT_VERSION = 5.0;
				TARGETED_DEVICE_FAMILY = "1,2";
				TEST_HOST = "$(BUILT_PRODUCTS_DIR)/DBHeroes-Reactivo.app/$(BUNDLE_EXECUTABLE_FOLDER_PATH)/DBHeroes-Reactivo";
			};
			name = Release;
		};
		F7592B282CF21700004C8606 /* Debug */ = {
			isa = XCBuildConfiguration;
			buildSettings = {
				CODE_SIGN_STYLE = Automatic;
				CURRENT_PROJECT_VERSION = 1;
				GENERATE_INFOPLIST_FILE = YES;
				MARKETING_VERSION = 1.0;
				PRODUCT_BUNDLE_IDENTIFIER = "com.Diego.DBHeroes-ReactivoUITests";
				PRODUCT_NAME = "$(TARGET_NAME)";
				SWIFT_EMIT_LOC_STRINGS = NO;
				SWIFT_VERSION = 5.0;
				TARGETED_DEVICE_FAMILY = "1,2";
				TEST_TARGET_NAME = "DBHeroes-Reactivo";
			};
			name = Debug;
		};
		F7592B292CF21700004C8606 /* Release */ = {
			isa = XCBuildConfiguration;
			buildSettings = {
				CODE_SIGN_STYLE = Automatic;
				CURRENT_PROJECT_VERSION = 1;
				GENERATE_INFOPLIST_FILE = YES;
				MARKETING_VERSION = 1.0;
				PRODUCT_BUNDLE_IDENTIFIER = "com.Diego.DBHeroes-ReactivoUITests";
				PRODUCT_NAME = "$(TARGET_NAME)";
				SWIFT_EMIT_LOC_STRINGS = NO;
				SWIFT_VERSION = 5.0;
				TARGETED_DEVICE_FAMILY = "1,2";
				TEST_TARGET_NAME = "DBHeroes-Reactivo";
			};
			name = Release;
		};
/* End XCBuildConfiguration section */

/* Begin XCConfigurationList section */
		F7592AF12CF216FF004C8606 /* Build configuration list for PBXProject "DBHeroes-Reactivo" */ = {
			isa = XCConfigurationList;
			buildConfigurations = (
				F7592B222CF21700004C8606 /* Debug */,
				F7592B232CF21700004C8606 /* Release */,
			);
			defaultConfigurationIsVisible = 0;
			defaultConfigurationName = Release;
		};
		F7592B1F2CF21700004C8606 /* Build configuration list for PBXNativeTarget "DBHeroes-Reactivo" */ = {
			isa = XCConfigurationList;
			buildConfigurations = (
				F7592B202CF21700004C8606 /* Debug */,
				F7592B212CF21700004C8606 /* Release */,
			);
			defaultConfigurationIsVisible = 0;
			defaultConfigurationName = Release;
		};
		F7592B242CF21700004C8606 /* Build configuration list for PBXNativeTarget "DBHeroes-ReactivoTests" */ = {
			isa = XCConfigurationList;
			buildConfigurations = (
				F7592B252CF21700004C8606 /* Debug */,
				F7592B262CF21700004C8606 /* Release */,
			);
			defaultConfigurationIsVisible = 0;
			defaultConfigurationName = Release;
		};
		F7592B272CF21700004C8606 /* Build configuration list for PBXNativeTarget "DBHeroes-ReactivoUITests" */ = {
			isa = XCConfigurationList;
			buildConfigurations = (
				F7592B282CF21700004C8606 /* Debug */,
				F7592B292CF21700004C8606 /* Release */,
			);
			defaultConfigurationIsVisible = 0;
			defaultConfigurationName = Release;
		};
/* End XCConfigurationList section */
	};
	rootObject = F7592AEE2CF216FF004C8606 /* Project object */;
}
