// !$*UTF8*$!
{
	archiveVersion = 1;
	classes = {
	};
	objectVersion = 77;
	objects = {

/* Begin PBXBuildFile section */
		F70728882CF5DE2600B88F59 /* HeroesTableViewController.swift in Sources */ = {isa = PBXBuildFile; fileRef = F70728862CF5DE2600B88F59 /* HeroesTableViewController.swift */; };
		F70728892CF5DE2600B88F59 /* HeroesTableViewController.xib in Resources */ = {isa = PBXBuildFile; fileRef = F70728872CF5DE2600B88F59 /* HeroesTableViewController.xib */; };
		F707288C2CF5DEFD00B88F59 /* HeroesNetwork.swift in Sources */ = {isa = PBXBuildFile; fileRef = F707288B2CF5DEF200B88F59 /* HeroesNetwork.swift */; };
		F707288E2CF5DF9900B88F59 /* HeroesModel.swift in Sources */ = {isa = PBXBuildFile; fileRef = F707288D2CF5DF9000B88F59 /* HeroesModel.swift */; };
		F70728902CF5FAC900B88F59 /* HeroesRepositoryProtocol.swift in Sources */ = {isa = PBXBuildFile; fileRef = F707288F2CF5FAB900B88F59 /* HeroesRepositoryProtocol.swift */; };
		F70728922CF5FB8600B88F59 /* HeroesRepository.swift in Sources */ = {isa = PBXBuildFile; fileRef = F70728912CF5FB7700B88F59 /* HeroesRepository.swift */; };
		F70728942CF5FDCF00B88F59 /* HeroesUseCase.swift in Sources */ = {isa = PBXBuildFile; fileRef = F70728932CF5FDAE00B88F59 /* HeroesUseCase.swift */; };
		F70728962CF6002500B88F59 /* HeroesUseCaseProtocol.swift in Sources */ = {isa = PBXBuildFile; fileRef = F70728952CF6001900B88F59 /* HeroesUseCaseProtocol.swift */; };
		F70728982CF6027900B88F59 /* HeroesViewModel.swift in Sources */ = {isa = PBXBuildFile; fileRef = F70728972CF6024000B88F59 /* HeroesViewModel.swift */; };
		F707289C2CF61FC700B88F59 /* HeroesTableViewCell.swift in Sources */ = {isa = PBXBuildFile; fileRef = F707289A2CF61FC700B88F59 /* HeroesTableViewCell.swift */; };
		F707289D2CF61FC700B88F59 /* HeroesTableViewCell.xib in Resources */ = {isa = PBXBuildFile; fileRef = F707289B2CF61FC700B88F59 /* HeroesTableViewCell.xib */; };
		F70728A82CF62B6800B88F59 /* Kingfisher in Frameworks */ = {isa = PBXBuildFile; productRef = F70728A72CF62B6800B88F59 /* Kingfisher */; };
		F72162002CF7938C004B08CA /* DetailHeroesViewController.swift in Sources */ = {isa = PBXBuildFile; fileRef = F72161FE2CF7938C004B08CA /* DetailHeroesViewController.swift */; };
		F72162012CF7938C004B08CA /* DetailHeroesViewController.xib in Resources */ = {isa = PBXBuildFile; fileRef = F72161FF2CF7938C004B08CA /* DetailHeroesViewController.xib */; };
		F72162032CF793A4004B08CA /* DetailHeroesViewModel.swift in Sources */ = {isa = PBXBuildFile; fileRef = F72162022CF7939B004B08CA /* DetailHeroesViewModel.swift */; };
		F72162092CF79BF2004B08CA /* DetailNetwork.swift in Sources */ = {isa = PBXBuildFile; fileRef = F72162082CF79BCC004B08CA /* DetailNetwork.swift */; };
		F721620B2CF79E45004B08CA /* TransformationModel.swift in Sources */ = {isa = PBXBuildFile; fileRef = F721620A2CF79E37004B08CA /* TransformationModel.swift */; };
		F721620D2CF7A229004B08CA /* DetailHeroeRepository.swift in Sources */ = {isa = PBXBuildFile; fileRef = F721620C2CF7A212004B08CA /* DetailHeroeRepository.swift */; };
		F721620F2CF7A28D004B08CA /* DetailHeroesRepositoryProtocol.swift in Sources */ = {isa = PBXBuildFile; fileRef = F721620E2CF7A280004B08CA /* DetailHeroesRepositoryProtocol.swift */; };
		F72162112CF7A445004B08CA /* DetailUseCaseProtocol.swift in Sources */ = {isa = PBXBuildFile; fileRef = F72162102CF7A433004B08CA /* DetailUseCaseProtocol.swift */; };
		F72162132CF7A4E3004B08CA /* DetailUseCase.swift in Sources */ = {isa = PBXBuildFile; fileRef = F72162122CF7A4D8004B08CA /* DetailUseCase.swift */; };
		F756F1482CF87948002C4112 /* CollectionViewCell.swift in Sources */ = {isa = PBXBuildFile; fileRef = F756F1462CF87948002C4112 /* CollectionViewCell.swift */; };
		F756F1492CF87948002C4112 /* CollectionViewCell.xib in Resources */ = {isa = PBXBuildFile; fileRef = F756F1472CF87948002C4112 /* CollectionViewCell.xib */; };
		F7592B322CF217C1004C8606 /* AppDelegate.swift in Sources */ = {isa = PBXBuildFile; fileRef = F7592B2A2CF217C1004C8606 /* AppDelegate.swift */; };
		F7592B332CF217C1004C8606 /* SceneDelegate.swift in Sources */ = {isa = PBXBuildFile; fileRef = F7592B2F2CF217C1004C8606 /* SceneDelegate.swift */; };
		F7592B352CF217C1004C8606 /* Assets.xcassets in Resources */ = {isa = PBXBuildFile; fileRef = F7592B2B2CF217C1004C8606 /* Assets.xcassets */; };
		F7592B372CF217C1004C8606 /* LaunchScreen.storyboard in Resources */ = {isa = PBXBuildFile; fileRef = F7592B2E2CF217C1004C8606 /* LaunchScreen.storyboard */; };
		F7615B542CF473ED003C8F8A /* LoginViewController.swift in Sources */ = {isa = PBXBuildFile; fileRef = F7615B522CF473ED003C8F8A /* LoginViewController.swift */; };
		F7615B552CF473ED003C8F8A /* LoginViewController.xib in Resources */ = {isa = PBXBuildFile; fileRef = F7615B532CF473ED003C8F8A /* LoginViewController.xib */; };
		F7615B622CF49560003C8F8A /* LoginViewModel.swift in Sources */ = {isa = PBXBuildFile; fileRef = F7615B612CF49554003C8F8A /* LoginViewModel.swift */; };
		F7615B652CF495DD003C8F8A /* EndPoints.swift in Sources */ = {isa = PBXBuildFile; fileRef = F7615B642CF495D4003C8F8A /* EndPoints.swift */; };
		F7615B672CF496E9003C8F8A /* LoginUseCaseProtocol.swift in Sources */ = {isa = PBXBuildFile; fileRef = F7615B662CF496DD003C8F8A /* LoginUseCaseProtocol.swift */; };
		F7615B692CF49774003C8F8A /* LoginRepositoryProtocol.swift in Sources */ = {isa = PBXBuildFile; fileRef = F7615B682CF49767003C8F8A /* LoginRepositoryProtocol.swift */; };
		F7615B722CF49F5E003C8F8A /* KcLibrarySwift1 in Frameworks */ = {isa = PBXBuildFile; productRef = F7615B712CF49F5E003C8F8A /* KcLibrarySwift1 */; };
		F7615B742CF49F64003C8F8A /* CombineCocoa in Frameworks */ = {isa = PBXBuildFile; productRef = F7615B732CF49F64003C8F8A /* CombineCocoa */; };
		F7615B762CF4A0BE003C8F8A /* HTTPMethods.swift in Sources */ = {isa = PBXBuildFile; fileRef = F7615B752CF4A0B3003C8F8A /* HTTPMethods.swift */; };
		F7615B782CF4A2D8003C8F8A /* LoginNetwork.swift in Sources */ = {isa = PBXBuildFile; fileRef = F7615B772CF4A2C5003C8F8A /* LoginNetwork.swift */; };
		F7615B7A2CF4C240003C8F8A /* Constansts.swift in Sources */ = {isa = PBXBuildFile; fileRef = F7615B792CF4C23A003C8F8A /* Constansts.swift */; };
		F7615B802CF4C6FB003C8F8A /* AppError.swift in Sources */ = {isa = PBXBuildFile; fileRef = F7615B7F2CF4C6EC003C8F8A /* AppError.swift */; };
		F7615B822CF4D305003C8F8A /* LoginUseCase.swift in Sources */ = {isa = PBXBuildFile; fileRef = F7615B812CF4D2FB003C8F8A /* LoginUseCase.swift */; };
		F7615B842CF4D393003C8F8A /* LoginRepository.swift in Sources */ = {isa = PBXBuildFile; fileRef = F7615B832CF4D375003C8F8A /* LoginRepository.swift */; };
		F7DA85212CF9B0E800860768 /* Localizable.strings in Resources */ = {isa = PBXBuildFile; fileRef = F7DA851F2CF9B0E800860768 /* Localizable.strings */; };
		F7DA85222CF9B0E800860768 /* Localizable.strings in Resources */ = {isa = PBXBuildFile; fileRef = F7DA851F2CF9B0E800860768 /* Localizable.strings */; };
/* End PBXBuildFile section */

/* Begin PBXContainerItemProxy section */
		F7592B0D2CF21700004C8606 /* PBXContainerItemProxy */ = {
			isa = PBXContainerItemProxy;
			containerPortal = F7592AEE2CF216FF004C8606 /* Project object */;
			proxyType = 1;
			remoteGlobalIDString = F7592AF52CF216FF004C8606;
			remoteInfo = "DBHeroes-Reactivo";
		};
/* End PBXContainerItemProxy section */

/* Begin PBXFileReference section */
		F70728862CF5DE2600B88F59 /* HeroesTableViewController.swift */ = {isa = PBXFileReference; lastKnownFileType = sourcecode.swift; path = HeroesTableViewController.swift; sourceTree = "<group>"; };
		F70728872CF5DE2600B88F59 /* HeroesTableViewController.xib */ = {isa = PBXFileReference; lastKnownFileType = file.xib; path = HeroesTableViewController.xib; sourceTree = "<group>"; };
		F707288B2CF5DEF200B88F59 /* HeroesNetwork.swift */ = {isa = PBXFileReference; lastKnownFileType = sourcecode.swift; path = HeroesNetwork.swift; sourceTree = "<group>"; };
		F707288D2CF5DF9000B88F59 /* HeroesModel.swift */ = {isa = PBXFileReference; lastKnownFileType = sourcecode.swift; path = HeroesModel.swift; sourceTree = "<group>"; };
		F707288F2CF5FAB900B88F59 /* HeroesRepositoryProtocol.swift */ = {isa = PBXFileReference; lastKnownFileType = sourcecode.swift; path = HeroesRepositoryProtocol.swift; sourceTree = "<group>"; };
		F70728912CF5FB7700B88F59 /* HeroesRepository.swift */ = {isa = PBXFileReference; lastKnownFileType = sourcecode.swift; path = HeroesRepository.swift; sourceTree = "<group>"; };
		F70728932CF5FDAE00B88F59 /* HeroesUseCase.swift */ = {isa = PBXFileReference; lastKnownFileType = sourcecode.swift; path = HeroesUseCase.swift; sourceTree = "<group>"; };
		F70728952CF6001900B88F59 /* HeroesUseCaseProtocol.swift */ = {isa = PBXFileReference; lastKnownFileType = sourcecode.swift; path = HeroesUseCaseProtocol.swift; sourceTree = "<group>"; };
		F70728972CF6024000B88F59 /* HeroesViewModel.swift */ = {isa = PBXFileReference; lastKnownFileType = sourcecode.swift; path = HeroesViewModel.swift; sourceTree = "<group>"; };
		F707289A2CF61FC700B88F59 /* HeroesTableViewCell.swift */ = {isa = PBXFileReference; lastKnownFileType = sourcecode.swift; path = HeroesTableViewCell.swift; sourceTree = "<group>"; };
		F707289B2CF61FC700B88F59 /* HeroesTableViewCell.xib */ = {isa = PBXFileReference; lastKnownFileType = file.xib; path = HeroesTableViewCell.xib; sourceTree = "<group>"; };
		F72161FE2CF7938C004B08CA /* DetailHeroesViewController.swift */ = {isa = PBXFileReference; lastKnownFileType = sourcecode.swift; path = DetailHeroesViewController.swift; sourceTree = "<group>"; };
		F72161FF2CF7938C004B08CA /* DetailHeroesViewController.xib */ = {isa = PBXFileReference; lastKnownFileType = file.xib; path = DetailHeroesViewController.xib; sourceTree = "<group>"; };
		F72162022CF7939B004B08CA /* DetailHeroesViewModel.swift */ = {isa = PBXFileReference; lastKnownFileType = sourcecode.swift; path = DetailHeroesViewModel.swift; sourceTree = "<group>"; };
		F72162082CF79BCC004B08CA /* DetailNetwork.swift */ = {isa = PBXFileReference; lastKnownFileType = sourcecode.swift; path = DetailNetwork.swift; sourceTree = "<group>"; };
		F721620A2CF79E37004B08CA /* TransformationModel.swift */ = {isa = PBXFileReference; lastKnownFileType = sourcecode.swift; path = TransformationModel.swift; sourceTree = "<group>"; };
		F721620C2CF7A212004B08CA /* DetailHeroeRepository.swift */ = {isa = PBXFileReference; lastKnownFileType = sourcecode.swift; path = DetailHeroeRepository.swift; sourceTree = "<group>"; };
		F721620E2CF7A280004B08CA /* DetailHeroesRepositoryProtocol.swift */ = {isa = PBXFileReference; lastKnownFileType = sourcecode.swift; path = DetailHeroesRepositoryProtocol.swift; sourceTree = "<group>"; };
		F72162102CF7A433004B08CA /* DetailUseCaseProtocol.swift */ = {isa = PBXFileReference; lastKnownFileType = sourcecode.swift; path = DetailUseCaseProtocol.swift; sourceTree = "<group>"; };
		F72162122CF7A4D8004B08CA /* DetailUseCase.swift */ = {isa = PBXFileReference; lastKnownFileType = sourcecode.swift; path = DetailUseCase.swift; sourceTree = "<group>"; };
		F756F1462CF87948002C4112 /* CollectionViewCell.swift */ = {isa = PBXFileReference; lastKnownFileType = sourcecode.swift; path = CollectionViewCell.swift; sourceTree = "<group>"; };
		F756F1472CF87948002C4112 /* CollectionViewCell.xib */ = {isa = PBXFileReference; lastKnownFileType = file.xib; path = CollectionViewCell.xib; sourceTree = "<group>"; };
		F7592AF62CF216FF004C8606 /* DBHeroes-Reactivo.app */ = {isa = PBXFileReference; explicitFileType = wrapper.application; includeInIndex = 0; path = "DBHeroes-Reactivo.app"; sourceTree = BUILT_PRODUCTS_DIR; };
		F7592B0C2CF21700004C8606 /* DBHeroes-ReactivoTests.xctest */ = {isa = PBXFileReference; explicitFileType = wrapper.cfbundle; includeInIndex = 0; path = "DBHeroes-ReactivoTests.xctest"; sourceTree = BUILT_PRODUCTS_DIR; };
		F7592B2A2CF217C1004C8606 /* AppDelegate.swift */ = {isa = PBXFileReference; lastKnownFileType = sourcecode.swift; path = AppDelegate.swift; sourceTree = "<group>"; };
		F7592B2B2CF217C1004C8606 /* Assets.xcassets */ = {isa = PBXFileReference; lastKnownFileType = folder.assetcatalog; path = Assets.xcassets; sourceTree = "<group>"; };
		F7592B2C2CF217C1004C8606 /* Info.plist */ = {isa = PBXFileReference; lastKnownFileType = text.plist.xml; path = Info.plist; sourceTree = "<group>"; };
		F7592B2D2CF217C1004C8606 /* Base */ = {isa = PBXFileReference; lastKnownFileType = file.storyboard; name = Base; path = Base.lproj/LaunchScreen.storyboard; sourceTree = "<group>"; };
		F7592B2F2CF217C1004C8606 /* SceneDelegate.swift */ = {isa = PBXFileReference; lastKnownFileType = sourcecode.swift; path = SceneDelegate.swift; sourceTree = "<group>"; };
		F7615B522CF473ED003C8F8A /* LoginViewController.swift */ = {isa = PBXFileReference; lastKnownFileType = sourcecode.swift; path = LoginViewController.swift; sourceTree = "<group>"; };
		F7615B532CF473ED003C8F8A /* LoginViewController.xib */ = {isa = PBXFileReference; lastKnownFileType = file.xib; path = LoginViewController.xib; sourceTree = "<group>"; };
		F7615B612CF49554003C8F8A /* LoginViewModel.swift */ = {isa = PBXFileReference; lastKnownFileType = sourcecode.swift; path = LoginViewModel.swift; sourceTree = "<group>"; };
		F7615B642CF495D4003C8F8A /* EndPoints.swift */ = {isa = PBXFileReference; lastKnownFileType = sourcecode.swift; path = EndPoints.swift; sourceTree = "<group>"; };
		F7615B662CF496DD003C8F8A /* LoginUseCaseProtocol.swift */ = {isa = PBXFileReference; lastKnownFileType = sourcecode.swift; path = LoginUseCaseProtocol.swift; sourceTree = "<group>"; };
		F7615B682CF49767003C8F8A /* LoginRepositoryProtocol.swift */ = {isa = PBXFileReference; lastKnownFileType = sourcecode.swift; path = LoginRepositoryProtocol.swift; sourceTree = "<group>"; };
		F7615B752CF4A0B3003C8F8A /* HTTPMethods.swift */ = {isa = PBXFileReference; lastKnownFileType = sourcecode.swift; path = HTTPMethods.swift; sourceTree = "<group>"; };
		F7615B772CF4A2C5003C8F8A /* LoginNetwork.swift */ = {isa = PBXFileReference; lastKnownFileType = sourcecode.swift; path = LoginNetwork.swift; sourceTree = "<group>"; };
		F7615B792CF4C23A003C8F8A /* Constansts.swift */ = {isa = PBXFileReference; lastKnownFileType = sourcecode.swift; path = Constansts.swift; sourceTree = "<group>"; };
		F7615B7F2CF4C6EC003C8F8A /* AppError.swift */ = {isa = PBXFileReference; lastKnownFileType = sourcecode.swift; path = AppError.swift; sourceTree = "<group>"; };
		F7615B812CF4D2FB003C8F8A /* LoginUseCase.swift */ = {isa = PBXFileReference; lastKnownFileType = sourcecode.swift; path = LoginUseCase.swift; sourceTree = "<group>"; };
		F7615B832CF4D375003C8F8A /* LoginRepository.swift */ = {isa = PBXFileReference; lastKnownFileType = sourcecode.swift; path = LoginRepository.swift; sourceTree = "<group>"; };
		F7DA85202CF9B0E800860768 /* en */ = {isa = PBXFileReference; lastKnownFileType = text.plist.strings; name = en; path = en.lproj/Localizable.strings; sourceTree = "<group>"; };
		F7DA85232CF9B13700860768 /* es */ = {isa = PBXFileReference; lastKnownFileType = text.plist.strings; name = es; path = es.lproj/LaunchScreen.strings; sourceTree = "<group>"; };
		F7DA85242CF9B14A00860768 /* es */ = {isa = PBXFileReference; lastKnownFileType = text.plist.strings; name = es; path = es.lproj/Localizable.strings; sourceTree = "<group>"; };
/* End PBXFileReference section */

/* Begin PBXFileSystemSynchronizedRootGroup section */
		F7592B0F2CF21700004C8606 /* DBHeroes-ReactivoTests */ = {
			isa = PBXFileSystemSynchronizedRootGroup;
			path = "DBHeroes-ReactivoTests";
			sourceTree = "<group>";
		};
		F7592B192CF21700004C8606 /* DBHeroes-ReactivoUITests */ = {
			isa = PBXFileSystemSynchronizedRootGroup;
			path = "DBHeroes-ReactivoUITests";
			sourceTree = "<group>";
		};
/* End PBXFileSystemSynchronizedRootGroup section */

/* Begin PBXFrameworksBuildPhase section */
		F7592AF32CF216FF004C8606 /* Frameworks */ = {
			isa = PBXFrameworksBuildPhase;
			buildActionMask = 2147483647;
			files = (
				F70728A82CF62B6800B88F59 /* Kingfisher in Frameworks */,
				F7615B742CF49F64003C8F8A /* CombineCocoa in Frameworks */,
				F7615B722CF49F5E003C8F8A /* KcLibrarySwift1 in Frameworks */,
			);
			runOnlyForDeploymentPostprocessing = 0;
		};
		F7592B092CF21700004C8606 /* Frameworks */ = {
			isa = PBXFrameworksBuildPhase;
			buildActionMask = 2147483647;
			files = (
			);
			runOnlyForDeploymentPostprocessing = 0;
		};
/* End PBXFrameworksBuildPhase section */

/* Begin PBXGroup section */
		F707288A2CF5DE3100B88F59 /* HeroesTableView */ = {
			isa = PBXGroup;
			children = (
				F70728992CF61F9D00B88F59 /* Cell */,
				F70728862CF5DE2600B88F59 /* HeroesTableViewController.swift */,
				F70728872CF5DE2600B88F59 /* HeroesTableViewController.xib */,
			);
			path = HeroesTableView;
			sourceTree = "<group>";
		};
		F70728992CF61F9D00B88F59 /* Cell */ = {
			isa = PBXGroup;
			children = (
				F707289A2CF61FC700B88F59 /* HeroesTableViewCell.swift */,
				F707289B2CF61FC700B88F59 /* HeroesTableViewCell.xib */,
			);
			path = Cell;
			sourceTree = "<group>";
		};
		F72161FD2CF7932E004B08CA /* DetailHeroe */ = {
			isa = PBXGroup;
			children = (
				F756F1432CF878FE002C4112 /* Cell */,
				F72161FE2CF7938C004B08CA /* DetailHeroesViewController.swift */,
				F72161FF2CF7938C004B08CA /* DetailHeroesViewController.xib */,
			);
			path = DetailHeroe;
			sourceTree = "<group>";
		};
		F756F1432CF878FE002C4112 /* Cell */ = {
			isa = PBXGroup;
			children = (
				F756F1462CF87948002C4112 /* CollectionViewCell.swift */,
				F756F1472CF87948002C4112 /* CollectionViewCell.xib */,
			);
			path = Cell;
			sourceTree = "<group>";
		};
		F7592AED2CF216FF004C8606 = {
			isa = PBXGroup;
			children = (
				F7DA851F2CF9B0E800860768 /* Localizable.strings */,
				F7592B312CF217C1004C8606 /* DBHeroes-Reactivo */,
				F7592B0F2CF21700004C8606 /* DBHeroes-ReactivoTests */,
				F7592B192CF21700004C8606 /* DBHeroes-ReactivoUITests */,
				F7615B702CF49F5E003C8F8A /* Frameworks */,
				F7592AF72CF216FF004C8606 /* Products */,
			);
			sourceTree = "<group>";
		};
		F7592AF72CF216FF004C8606 /* Products */ = {
			isa = PBXGroup;
			children = (
				F7592AF62CF216FF004C8606 /* DBHeroes-Reactivo.app */,
				F7592B0C2CF21700004C8606 /* DBHeroes-ReactivoTests.xctest */,
			);
			name = Products;
			sourceTree = "<group>";
		};
		F7592B312CF217C1004C8606 /* DBHeroes-Reactivo */ = {
			isa = PBXGroup;
			children = (
				F7592B392CF2183E004C8606 /* Presentation */,
				F7592B3A2CF21846004C8606 /* Domain */,
				F7592B3B2CF21850004C8606 /* Data */,
				F7592B382CF217C9004C8606 /* SupportFiles */,
			);
			path = "DBHeroes-Reactivo";
			sourceTree = "<group>";
		};
		F7592B382CF217C9004C8606 /* SupportFiles */ = {
			isa = PBXGroup;
			children = (
				F7592B2B2CF217C1004C8606 /* Assets.xcassets */,
				F7592B2A2CF217C1004C8606 /* AppDelegate.swift */,
				F7592B2C2CF217C1004C8606 /* Info.plist */,
				F7592B2E2CF217C1004C8606 /* LaunchScreen.storyboard */,
				F7592B2F2CF217C1004C8606 /* SceneDelegate.swift */,
			);
			path = SupportFiles;
			sourceTree = "<group>";
		};
		F7592B392CF2183E004C8606 /* Presentation */ = {
			isa = PBXGroup;
			children = (
				F7592B3D2CF21865004C8606 /* ViewModels */,
				F7592B3C2CF2185E004C8606 /* Views */,
			);
			path = Presentation;
			sourceTree = "<group>";
		};
		F7592B3A2CF21846004C8606 /* Domain */ = {
			isa = PBXGroup;
			children = (
				F7592B452CF218EB004C8606 /* Extensions */,
				F7592B442CF218E0004C8606 /* UseCase */,
				F7592B432CF218D7004C8606 /* Entities */,
				F7592B422CF218CE004C8606 /* Protocols */,
				F7592B412CF218C5004C8606 /* Tools */,
			);
			path = Domain;
			sourceTree = "<group>";
		};
		F7592B3B2CF21850004C8606 /* Data */ = {
			isa = PBXGroup;
			children = (
				F7592B402CF218B4004C8606 /* Repositories */,
				F7592B3F2CF218A9004C8606 /* Local */,
				F7592B3E2CF21879004C8606 /* Network */,
			);
			path = Data;
			sourceTree = "<group>";
		};
		F7592B3C2CF2185E004C8606 /* Views */ = {
			isa = PBXGroup;
			children = (
				F72161FD2CF7932E004B08CA /* DetailHeroe */,
				F707288A2CF5DE3100B88F59 /* HeroesTableView */,
				F7615B602CF4951C003C8F8A /* LoginView */,
			);
			path = Views;
			sourceTree = "<group>";
		};
		F7592B3D2CF21865004C8606 /* ViewModels */ = {
			isa = PBXGroup;
			children = (
				F72162022CF7939B004B08CA /* DetailHeroesViewModel.swift */,
				F70728972CF6024000B88F59 /* HeroesViewModel.swift */,
				F7615B612CF49554003C8F8A /* LoginViewModel.swift */,
			);
			path = ViewModels;
			sourceTree = "<group>";
		};
		F7592B3E2CF21879004C8606 /* Network */ = {
			isa = PBXGroup;
			children = (
				F7615B632CF495C6003C8F8A /* BaseNetwork */,
			);
			path = Network;
			sourceTree = "<group>";
		};
		F7592B3F2CF218A9004C8606 /* Local */ = {
			isa = PBXGroup;
			children = (
			);
			path = Local;
			sourceTree = "<group>";
		};
		F7592B402CF218B4004C8606 /* Repositories */ = {
			isa = PBXGroup;
			children = (
				F721620C2CF7A212004B08CA /* DetailHeroeRepository.swift */,
				F70728912CF5FB7700B88F59 /* HeroesRepository.swift */,
				F7615B832CF4D375003C8F8A /* LoginRepository.swift */,
			);
			path = Repositories;
			sourceTree = "<group>";
		};
		F7592B412CF218C5004C8606 /* Tools */ = {
			isa = PBXGroup;
			children = (
				F7615B792CF4C23A003C8F8A /* Constansts.swift */,
			);
			path = Tools;
			sourceTree = "<group>";
		};
		F7592B422CF218CE004C8606 /* Protocols */ = {
			isa = PBXGroup;
			children = (
				F72162102CF7A433004B08CA /* DetailUseCaseProtocol.swift */,
				F721620E2CF7A280004B08CA /* DetailHeroesRepositoryProtocol.swift */,
				F70728952CF6001900B88F59 /* HeroesUseCaseProtocol.swift */,
				F707288F2CF5FAB900B88F59 /* HeroesRepositoryProtocol.swift */,
				F7615B682CF49767003C8F8A /* LoginRepositoryProtocol.swift */,
				F7615B662CF496DD003C8F8A /* LoginUseCaseProtocol.swift */,
			);
			path = Protocols;
			sourceTree = "<group>";
		};
		F7592B432CF218D7004C8606 /* Entities */ = {
			isa = PBXGroup;
			children = (
				F721620A2CF79E37004B08CA /* TransformationModel.swift */,
				F707288D2CF5DF9000B88F59 /* HeroesModel.swift */,
			);
			path = Entities;
			sourceTree = "<group>";
		};
		F7592B442CF218E0004C8606 /* UseCase */ = {
			isa = PBXGroup;
			children = (
				F72162122CF7A4D8004B08CA /* DetailUseCase.swift */,
				F70728932CF5FDAE00B88F59 /* HeroesUseCase.swift */,
				F7615B812CF4D2FB003C8F8A /* LoginUseCase.swift */,
			);
			path = UseCase;
			sourceTree = "<group>";
		};
		F7592B452CF218EB004C8606 /* Extensions */ = {
			isa = PBXGroup;
			children = (
			);
			path = Extensions;
			sourceTree = "<group>";
		};
		F7615B602CF4951C003C8F8A /* LoginView */ = {
			isa = PBXGroup;
			children = (
				F7615B522CF473ED003C8F8A /* LoginViewController.swift */,
				F7615B532CF473ED003C8F8A /* LoginViewController.xib */,
			);
			path = LoginView;
			sourceTree = "<group>";
		};
		F7615B632CF495C6003C8F8A /* BaseNetwork */ = {
			isa = PBXGroup;
			children = (
				F7615B772CF4A2C5003C8F8A /* LoginNetwork.swift */,
				F707288B2CF5DEF200B88F59 /* HeroesNetwork.swift */,
				F72162082CF79BCC004B08CA /* DetailNetwork.swift */,
				F7615B7F2CF4C6EC003C8F8A /* AppError.swift */,
				F7615B752CF4A0B3003C8F8A /* HTTPMethods.swift */,
				F7615B642CF495D4003C8F8A /* EndPoints.swift */,
			);
			path = BaseNetwork;
			sourceTree = "<group>";
		};
		F7615B702CF49F5E003C8F8A /* Frameworks */ = {
			isa = PBXGroup;
			children = (
			);
			name = Frameworks;
			sourceTree = "<group>";
		};
/* End PBXGroup section */

/* Begin PBXNativeTarget section */
		F7592AF52CF216FF004C8606 /* DBHeroes-Reactivo */ = {
			isa = PBXNativeTarget;
			buildConfigurationList = F7592B1F2CF21700004C8606 /* Build configuration list for PBXNativeTarget "DBHeroes-Reactivo" */;
			buildPhases = (
				F7592AF22CF216FF004C8606 /* Sources */,
				F7592AF32CF216FF004C8606 /* Frameworks */,
				F7592AF42CF216FF004C8606 /* Resources */,
			);
			buildRules = (
			);
			dependencies = (
			);
			name = "DBHeroes-Reactivo";
			packageProductDependencies = (
				F7615B712CF49F5E003C8F8A /* KcLibrarySwift1 */,
				F7615B732CF49F64003C8F8A /* CombineCocoa */,
				F70728A72CF62B6800B88F59 /* Kingfisher */,
			);
			productName = "DBHeroes-Reactivo";
			productReference = F7592AF62CF216FF004C8606 /* DBHeroes-Reactivo.app */;
			productType = "com.apple.product-type.application";
		};
		F7592B0B2CF21700004C8606 /* DBHeroes-ReactivoTests */ = {
			isa = PBXNativeTarget;
			buildConfigurationList = F7592B242CF21700004C8606 /* Build configuration list for PBXNativeTarget "DBHeroes-ReactivoTests" */;
			buildPhases = (
				F7592B082CF21700004C8606 /* Sources */,
				F7592B092CF21700004C8606 /* Frameworks */,
				F7592B0A2CF21700004C8606 /* Resources */,
			);
			buildRules = (
			);
			dependencies = (
				F7592B0E2CF21700004C8606 /* PBXTargetDependency */,
			);
			fileSystemSynchronizedGroups = (
				F7592B0F2CF21700004C8606 /* DBHeroes-ReactivoTests */,
			);
			name = "DBHeroes-ReactivoTests";
			packageProductDependencies = (
			);
			productName = "DBHeroes-ReactivoTests";
			productReference = F7592B0C2CF21700004C8606 /* DBHeroes-ReactivoTests.xctest */;
			productType = "com.apple.product-type.bundle.unit-test";
		};
/* End PBXNativeTarget section */

/* Begin PBXProject section */
		F7592AEE2CF216FF004C8606 /* Project object */ = {
			isa = PBXProject;
			attributes = {
				BuildIndependentTargetsInParallel = 1;
				LastSwiftUpdateCheck = 1610;
				LastUpgradeCheck = 1610;
				TargetAttributes = {
					F7592AF52CF216FF004C8606 = {
						CreatedOnToolsVersion = 16.1;
					};
					F7592B0B2CF21700004C8606 = {
						CreatedOnToolsVersion = 16.1;
						TestTargetID = F7592AF52CF216FF004C8606;
					};
				};
			};
			buildConfigurationList = F7592AF12CF216FF004C8606 /* Build configuration list for PBXProject "DBHeroes-Reactivo" */;
			developmentRegion = en;
			hasScannedForEncodings = 0;
			knownRegions = (
				en,
				Base,
				es,
			);
			mainGroup = F7592AED2CF216FF004C8606;
			minimizedProjectReferenceProxies = 1;
			packageReferences = (
				F7615B6A2CF498E2003C8F8A /* XCRemoteSwiftPackageReference "KcLibrarySwift1" */,
				F7615B6B2CF49AC0003C8F8A /* XCRemoteSwiftPackageReference "CombineCocoa" */,
				F70728A22CF62A9500B88F59 /* XCRemoteSwiftPackageReference "Kingfisher" */,
			);
			preferredProjectObjectVersion = 77;
			productRefGroup = F7592AF72CF216FF004C8606 /* Products */;
			projectDirPath = "";
			projectRoot = "";
			targets = (
				F7592AF52CF216FF004C8606 /* DBHeroes-Reactivo */,
				F7592B0B2CF21700004C8606 /* DBHeroes-ReactivoTests */,
			);
		};
/* End PBXProject section */

/* Begin PBXResourcesBuildPhase section */
		F7592AF42CF216FF004C8606 /* Resources */ = {
			isa = PBXResourcesBuildPhase;
			buildActionMask = 2147483647;
			files = (
				F72162012CF7938C004B08CA /* DetailHeroesViewController.xib in Resources */,
				F756F1492CF87948002C4112 /* CollectionViewCell.xib in Resources */,
				F7592B352CF217C1004C8606 /* Assets.xcassets in Resources */,
				F7592B372CF217C1004C8606 /* LaunchScreen.storyboard in Resources */,
				F7615B552CF473ED003C8F8A /* LoginViewController.xib in Resources */,
				F7DA85222CF9B0E800860768 /* Localizable.strings in Resources */,
				F70728892CF5DE2600B88F59 /* HeroesTableViewController.xib in Resources */,
				F707289D2CF61FC700B88F59 /* HeroesTableViewCell.xib in Resources */,
			);
			runOnlyForDeploymentPostprocessing = 0;
		};
		F7592B0A2CF21700004C8606 /* Resources */ = {
			isa = PBXResourcesBuildPhase;
			buildActionMask = 2147483647;
			files = (
				F7DA85212CF9B0E800860768 /* Localizable.strings in Resources */,
			);
			runOnlyForDeploymentPostprocessing = 0;
		};
/* End PBXResourcesBuildPhase section */

/* Begin PBXSourcesBuildPhase section */
		F7592AF22CF216FF004C8606 /* Sources */ = {
			isa = PBXSourcesBuildPhase;
			buildActionMask = 2147483647;
			files = (
				F707288E2CF5DF9900B88F59 /* HeroesModel.swift in Sources */,
				F70728942CF5FDCF00B88F59 /* HeroesUseCase.swift in Sources */,
				F707289C2CF61FC700B88F59 /* HeroesTableViewCell.swift in Sources */,
				F721620D2CF7A229004B08CA /* DetailHeroeRepository.swift in Sources */,
				F7615B762CF4A0BE003C8F8A /* HTTPMethods.swift in Sources */,
				F7615B842CF4D393003C8F8A /* LoginRepository.swift in Sources */,
				F721620F2CF7A28D004B08CA /* DetailHeroesRepositoryProtocol.swift in Sources */,
				F7615B782CF4A2D8003C8F8A /* LoginNetwork.swift in Sources */,
				F72162132CF7A4E3004B08CA /* DetailUseCase.swift in Sources */,
				F72162002CF7938C004B08CA /* DetailHeroesViewController.swift in Sources */,
				F7615B622CF49560003C8F8A /* LoginViewModel.swift in Sources */,
				F72162092CF79BF2004B08CA /* DetailNetwork.swift in Sources */,
				F70728962CF6002500B88F59 /* HeroesUseCaseProtocol.swift in Sources */,
				F7615B652CF495DD003C8F8A /* EndPoints.swift in Sources */,
				F756F1482CF87948002C4112 /* CollectionViewCell.swift in Sources */,
				F7615B542CF473ED003C8F8A /* LoginViewController.swift in Sources */,
				F72162032CF793A4004B08CA /* DetailHeroesViewModel.swift in Sources */,
				F70728982CF6027900B88F59 /* HeroesViewModel.swift in Sources */,
				F7615B7A2CF4C240003C8F8A /* Constansts.swift in Sources */,
				F70728922CF5FB8600B88F59 /* HeroesRepository.swift in Sources */,
				F7615B692CF49774003C8F8A /* LoginRepositoryProtocol.swift in Sources */,
				F7592B322CF217C1004C8606 /* AppDelegate.swift in Sources */,
				F70728902CF5FAC900B88F59 /* HeroesRepositoryProtocol.swift in Sources */,
				F72162112CF7A445004B08CA /* DetailUseCaseProtocol.swift in Sources */,
				F7615B802CF4C6FB003C8F8A /* AppError.swift in Sources */,
				F7592B332CF217C1004C8606 /* SceneDelegate.swift in Sources */,
				F7615B672CF496E9003C8F8A /* LoginUseCaseProtocol.swift in Sources */,
				F721620B2CF79E45004B08CA /* TransformationModel.swift in Sources */,
				F7615B822CF4D305003C8F8A /* LoginUseCase.swift in Sources */,
				F707288C2CF5DEFD00B88F59 /* HeroesNetwork.swift in Sources */,
				F70728882CF5DE2600B88F59 /* HeroesTableViewController.swift in Sources */,
			);
			runOnlyForDeploymentPostprocessing = 0;
		};
		F7592B082CF21700004C8606 /* Sources */ = {
			isa = PBXSourcesBuildPhase;
			buildActionMask = 2147483647;
			files = (
			);
			runOnlyForDeploymentPostprocessing = 0;
		};
/* End PBXSourcesBuildPhase section */

/* Begin PBXTargetDependency section */
		F7592B0E2CF21700004C8606 /* PBXTargetDependency */ = {
			isa = PBXTargetDependency;
			target = F7592AF52CF216FF004C8606 /* DBHeroes-Reactivo */;
			targetProxy = F7592B0D2CF21700004C8606 /* PBXContainerItemProxy */;
		};
/* End PBXTargetDependency section */

/* Begin PBXVariantGroup section */
		F7592B2E2CF217C1004C8606 /* LaunchScreen.storyboard */ = {
			isa = PBXVariantGroup;
			children = (
				F7592B2D2CF217C1004C8606 /* Base */,
				F7DA85232CF9B13700860768 /* es */,
			);
			name = LaunchScreen.storyboard;
			sourceTree = "<group>";
		};
		F7DA851F2CF9B0E800860768 /* Localizable.strings */ = {
			isa = PBXVariantGroup;
			children = (
				F7DA85202CF9B0E800860768 /* en */,
				F7DA85242CF9B14A00860768 /* es */,
			);
			name = Localizable.strings;
			sourceTree = "<group>";
		};
/* End PBXVariantGroup section */

/* Begin XCBuildConfiguration section */
		F7592B202CF21700004C8606 /* Debug */ = {
			isa = XCBuildConfiguration;
			buildSettings = {
				ASSETCATALOG_COMPILER_APPICON_NAME = AppIcon;
				ASSETCATALOG_COMPILER_GLOBAL_ACCENT_COLOR_NAME = AccentColor;
				CODE_SIGN_STYLE = Automatic;
				CURRENT_PROJECT_VERSION = 1;
				GENERATE_INFOPLIST_FILE = YES;
				INFOPLIST_FILE = "DBHeroes-Reactivo/SupportFiles/Info.plist";
				INFOPLIST_KEY_UIApplicationSupportsIndirectInputEvents = YES;
				INFOPLIST_KEY_UILaunchStoryboardName = LaunchScreen;
				INFOPLIST_KEY_UISupportedInterfaceOrientations_iPad = "UIInterfaceOrientationPortrait UIInterfaceOrientationPortraitUpsideDown UIInterfaceOrientationLandscapeLeft UIInterfaceOrientationLandscapeRight";
				INFOPLIST_KEY_UISupportedInterfaceOrientations_iPhone = "UIInterfaceOrientationPortrait UIInterfaceOrientationLandscapeLeft UIInterfaceOrientationLandscapeRight";
				LD_RUNPATH_SEARCH_PATHS = (
					"$(inherited)",
					"@executable_path/Frameworks",
				);
				MARKETING_VERSION = 1.0;
				PRODUCT_BUNDLE_IDENTIFIER = "com.Diego.DBHeroes-Reactivo";
				PRODUCT_NAME = "$(TARGET_NAME)";
				SUPPORTED_PLATFORMS = "iphoneos iphonesimulator";
				SUPPORTS_MACCATALYST = NO;
				SUPPORTS_MAC_DESIGNED_FOR_IPHONE_IPAD = NO;
				SUPPORTS_XR_DESIGNED_FOR_IPHONE_IPAD = NO;
				SWIFT_EMIT_LOC_STRINGS = YES;
				SWIFT_VERSION = 5.0;
				TARGETED_DEVICE_FAMILY = "1,2";
			};
			name = Debug;
		};
		F7592B212CF21700004C8606 /* Release */ = {
			isa = XCBuildConfiguration;
			buildSettings = {
				ASSETCATALOG_COMPILER_APPICON_NAME = AppIcon;
				ASSETCATALOG_COMPILER_GLOBAL_ACCENT_COLOR_NAME = AccentColor;
				CODE_SIGN_STYLE = Automatic;
				CURRENT_PROJECT_VERSION = 1;
				GENERATE_INFOPLIST_FILE = YES;
				INFOPLIST_FILE = "DBHeroes-Reactivo/SupportFiles/Info.plist";
				INFOPLIST_KEY_UIApplicationSupportsIndirectInputEvents = YES;
				INFOPLIST_KEY_UILaunchStoryboardName = LaunchScreen;
				INFOPLIST_KEY_UISupportedInterfaceOrientations_iPad = "UIInterfaceOrientationPortrait UIInterfaceOrientationPortraitUpsideDown UIInterfaceOrientationLandscapeLeft UIInterfaceOrientationLandscapeRight";
				INFOPLIST_KEY_UISupportedInterfaceOrientations_iPhone = "UIInterfaceOrientationPortrait UIInterfaceOrientationLandscapeLeft UIInterfaceOrientationLandscapeRight";
				LD_RUNPATH_SEARCH_PATHS = (
					"$(inherited)",
					"@executable_path/Frameworks",
				);
				MARKETING_VERSION = 1.0;
				PRODUCT_BUNDLE_IDENTIFIER = "com.Diego.DBHeroes-Reactivo";
				PRODUCT_NAME = "$(TARGET_NAME)";
				SUPPORTED_PLATFORMS = "iphoneos iphonesimulator";
				SUPPORTS_MACCATALYST = NO;
				SUPPORTS_MAC_DESIGNED_FOR_IPHONE_IPAD = NO;
				SUPPORTS_XR_DESIGNED_FOR_IPHONE_IPAD = NO;
				SWIFT_EMIT_LOC_STRINGS = YES;
				SWIFT_VERSION = 5.0;
				TARGETED_DEVICE_FAMILY = "1,2";
			};
			name = Release;
		};
		F7592B222CF21700004C8606 /* Debug */ = {
			isa = XCBuildConfiguration;
			buildSettings = {
				ALWAYS_SEARCH_USER_PATHS = NO;
				ASSETCATALOG_COMPILER_GENERATE_SWIFT_ASSET_SYMBOL_EXTENSIONS = YES;
				CLANG_ANALYZER_LOCALIZABILITY_NONLOCALIZED = YES;
				CLANG_ANALYZER_NONNULL = YES;
				CLANG_ANALYZER_NUMBER_OBJECT_CONVERSION = YES_AGGRESSIVE;
				CLANG_CXX_LANGUAGE_STANDARD = "gnu++20";
				CLANG_ENABLE_MODULES = YES;
				CLANG_ENABLE_OBJC_ARC = YES;
				CLANG_ENABLE_OBJC_WEAK = YES;
				CLANG_WARN_BLOCK_CAPTURE_AUTORELEASING = YES;
				CLANG_WARN_BOOL_CONVERSION = YES;
				CLANG_WARN_COMMA = YES;
				CLANG_WARN_CONSTANT_CONVERSION = YES;
				CLANG_WARN_DEPRECATED_OBJC_IMPLEMENTATIONS = YES;
				CLANG_WARN_DIRECT_OBJC_ISA_USAGE = YES_ERROR;
				CLANG_WARN_DOCUMENTATION_COMMENTS = YES;
				CLANG_WARN_EMPTY_BODY = YES;
				CLANG_WARN_ENUM_CONVERSION = YES;
				CLANG_WARN_INFINITE_RECURSION = YES;
				CLANG_WARN_INT_CONVERSION = YES;
				CLANG_WARN_NON_LITERAL_NULL_CONVERSION = YES;
				CLANG_WARN_OBJC_IMPLICIT_RETAIN_SELF = YES;
				CLANG_WARN_OBJC_LITERAL_CONVERSION = YES;
				CLANG_WARN_OBJC_ROOT_CLASS = YES_ERROR;
				CLANG_WARN_QUOTED_INCLUDE_IN_FRAMEWORK_HEADER = YES;
				CLANG_WARN_RANGE_LOOP_ANALYSIS = YES;
				CLANG_WARN_STRICT_PROTOTYPES = YES;
				CLANG_WARN_SUSPICIOUS_MOVE = YES;
				CLANG_WARN_UNGUARDED_AVAILABILITY = YES_AGGRESSIVE;
				CLANG_WARN_UNREACHABLE_CODE = YES;
				CLANG_WARN__DUPLICATE_METHOD_MATCH = YES;
				COPY_PHASE_STRIP = NO;
				DEBUG_INFORMATION_FORMAT = dwarf;
				ENABLE_STRICT_OBJC_MSGSEND = YES;
				ENABLE_TESTABILITY = YES;
				ENABLE_USER_SCRIPT_SANDBOXING = YES;
				GCC_C_LANGUAGE_STANDARD = gnu17;
				GCC_DYNAMIC_NO_PIC = NO;
				GCC_NO_COMMON_BLOCKS = YES;
				GCC_OPTIMIZATION_LEVEL = 0;
				GCC_PREPROCESSOR_DEFINITIONS = (
					"DEBUG=1",
					"$(inherited)",
				);
				GCC_WARN_64_TO_32_BIT_CONVERSION = YES;
				GCC_WARN_ABOUT_RETURN_TYPE = YES_ERROR;
				GCC_WARN_UNDECLARED_SELECTOR = YES;
				GCC_WARN_UNINITIALIZED_AUTOS = YES_AGGRESSIVE;
				GCC_WARN_UNUSED_FUNCTION = YES;
				GCC_WARN_UNUSED_VARIABLE = YES;
				IPHONEOS_DEPLOYMENT_TARGET = 18.1;
				LOCALIZATION_PREFERS_STRING_CATALOGS = YES;
				MTL_ENABLE_DEBUG_INFO = INCLUDE_SOURCE;
				MTL_FAST_MATH = YES;
				ONLY_ACTIVE_ARCH = YES;
				SDKROOT = iphoneos;
				SWIFT_ACTIVE_COMPILATION_CONDITIONS = "DEBUG $(inherited)";
				SWIFT_OPTIMIZATION_LEVEL = "-Onone";
			};
			name = Debug;
		};
		F7592B232CF21700004C8606 /* Release */ = {
			isa = XCBuildConfiguration;
			buildSettings = {
				ALWAYS_SEARCH_USER_PATHS = NO;
				ASSETCATALOG_COMPILER_GENERATE_SWIFT_ASSET_SYMBOL_EXTENSIONS = YES;
				CLANG_ANALYZER_LOCALIZABILITY_NONLOCALIZED = YES;
				CLANG_ANALYZER_NONNULL = YES;
				CLANG_ANALYZER_NUMBER_OBJECT_CONVERSION = YES_AGGRESSIVE;
				CLANG_CXX_LANGUAGE_STANDARD = "gnu++20";
				CLANG_ENABLE_MODULES = YES;
				CLANG_ENABLE_OBJC_ARC = YES;
				CLANG_ENABLE_OBJC_WEAK = YES;
				CLANG_WARN_BLOCK_CAPTURE_AUTORELEASING = YES;
				CLANG_WARN_BOOL_CONVERSION = YES;
				CLANG_WARN_COMMA = YES;
				CLANG_WARN_CONSTANT_CONVERSION = YES;
				CLANG_WARN_DEPRECATED_OBJC_IMPLEMENTATIONS = YES;
				CLANG_WARN_DIRECT_OBJC_ISA_USAGE = YES_ERROR;
				CLANG_WARN_DOCUMENTATION_COMMENTS = YES;
				CLANG_WARN_EMPTY_BODY = YES;
				CLANG_WARN_ENUM_CONVERSION = YES;
				CLANG_WARN_INFINITE_RECURSION = YES;
				CLANG_WARN_INT_CONVERSION = YES;
				CLANG_WARN_NON_LITERAL_NULL_CONVERSION = YES;
				CLANG_WARN_OBJC_IMPLICIT_RETAIN_SELF = YES;
				CLANG_WARN_OBJC_LITERAL_CONVERSION = YES;
				CLANG_WARN_OBJC_ROOT_CLASS = YES_ERROR;
				CLANG_WARN_QUOTED_INCLUDE_IN_FRAMEWORK_HEADER = YES;
				CLANG_WARN_RANGE_LOOP_ANALYSIS = YES;
				CLANG_WARN_STRICT_PROTOTYPES = YES;
				CLANG_WARN_SUSPICIOUS_MOVE = YES;
				CLANG_WARN_UNGUARDED_AVAILABILITY = YES_AGGRESSIVE;
				CLANG_WARN_UNREACHABLE_CODE = YES;
				CLANG_WARN__DUPLICATE_METHOD_MATCH = YES;
				COPY_PHASE_STRIP = NO;
				DEBUG_INFORMATION_FORMAT = "dwarf-with-dsym";
				ENABLE_NS_ASSERTIONS = NO;
				ENABLE_STRICT_OBJC_MSGSEND = YES;
				ENABLE_USER_SCRIPT_SANDBOXING = YES;
				GCC_C_LANGUAGE_STANDARD = gnu17;
				GCC_NO_COMMON_BLOCKS = YES;
				GCC_WARN_64_TO_32_BIT_CONVERSION = YES;
				GCC_WARN_ABOUT_RETURN_TYPE = YES_ERROR;
				GCC_WARN_UNDECLARED_SELECTOR = YES;
				GCC_WARN_UNINITIALIZED_AUTOS = YES_AGGRESSIVE;
				GCC_WARN_UNUSED_FUNCTION = YES;
				GCC_WARN_UNUSED_VARIABLE = YES;
				IPHONEOS_DEPLOYMENT_TARGET = 18.1;
				LOCALIZATION_PREFERS_STRING_CATALOGS = YES;
				MTL_ENABLE_DEBUG_INFO = NO;
				MTL_FAST_MATH = YES;
				SDKROOT = iphoneos;
				SWIFT_COMPILATION_MODE = wholemodule;
				VALIDATE_PRODUCT = YES;
			};
			name = Release;
		};
		F7592B252CF21700004C8606 /* Debug */ = {
			isa = XCBuildConfiguration;
			buildSettings = {
				BUNDLE_LOADER = "$(TEST_HOST)";
				CODE_SIGN_STYLE = Automatic;
				CURRENT_PROJECT_VERSION = 1;
				GENERATE_INFOPLIST_FILE = YES;
				IPHONEOS_DEPLOYMENT_TARGET = 18.1;
				MARKETING_VERSION = 1.0;
				PRODUCT_BUNDLE_IDENTIFIER = "com.Diego.DBHeroes-ReactivoTests";
				PRODUCT_NAME = "$(TARGET_NAME)";
				SWIFT_EMIT_LOC_STRINGS = NO;
				SWIFT_VERSION = 5.0;
				TARGETED_DEVICE_FAMILY = "1,2";
				TEST_HOST = "$(BUILT_PRODUCTS_DIR)/DBHeroes-Reactivo.app/$(BUNDLE_EXECUTABLE_FOLDER_PATH)/DBHeroes-Reactivo";
			};
			name = Debug;
		};
		F7592B262CF21700004C8606 /* Release */ = {
			isa = XCBuildConfiguration;
			buildSettings = {
				BUNDLE_LOADER = "$(TEST_HOST)";
				CODE_SIGN_STYLE = Automatic;
				CURRENT_PROJECT_VERSION = 1;
				GENERATE_INFOPLIST_FILE = YES;
				IPHONEOS_DEPLOYMENT_TARGET = 18.1;
				MARKETING_VERSION = 1.0;
				PRODUCT_BUNDLE_IDENTIFIER = "com.Diego.DBHeroes-ReactivoTests";
				PRODUCT_NAME = "$(TARGET_NAME)";
				SWIFT_EMIT_LOC_STRINGS = NO;
				SWIFT_VERSION = 5.0;
				TARGETED_DEVICE_FAMILY = "1,2";
				TEST_HOST = "$(BUILT_PRODUCTS_DIR)/DBHeroes-Reactivo.app/$(BUNDLE_EXECUTABLE_FOLDER_PATH)/DBHeroes-Reactivo";
			};
			name = Release;
		};
/* End XCBuildConfiguration section */

/* Begin XCConfigurationList section */
		F7592AF12CF216FF004C8606 /* Build configuration list for PBXProject "DBHeroes-Reactivo" */ = {
			isa = XCConfigurationList;
			buildConfigurations = (
				F7592B222CF21700004C8606 /* Debug */,
				F7592B232CF21700004C8606 /* Release */,
			);
			defaultConfigurationIsVisible = 0;
			defaultConfigurationName = Release;
		};
		F7592B1F2CF21700004C8606 /* Build configuration list for PBXNativeTarget "DBHeroes-Reactivo" */ = {
			isa = XCConfigurationList;
			buildConfigurations = (
				F7592B202CF21700004C8606 /* Debug */,
				F7592B212CF21700004C8606 /* Release */,
			);
			defaultConfigurationIsVisible = 0;
			defaultConfigurationName = Release;
		};
		F7592B242CF21700004C8606 /* Build configuration list for PBXNativeTarget "DBHeroes-ReactivoTests" */ = {
			isa = XCConfigurationList;
			buildConfigurations = (
				F7592B252CF21700004C8606 /* Debug */,
				F7592B262CF21700004C8606 /* Release */,
			);
			defaultConfigurationIsVisible = 0;
			defaultConfigurationName = Release;
		};
/* End XCConfigurationList section */

/* Begin XCRemoteSwiftPackageReference section */
		F70728A22CF62A9500B88F59 /* XCRemoteSwiftPackageReference "Kingfisher" */ = {
			isa = XCRemoteSwiftPackageReference;
			repositoryURL = "https://github.com/onevcat/Kingfisher.git";
			requirement = {
				kind = upToNextMajorVersion;
				minimumVersion = 8.1.1;
			};
		};
		F7615B6A2CF498E2003C8F8A /* XCRemoteSwiftPackageReference "KcLibrarySwift1" */ = {
			isa = XCRemoteSwiftPackageReference;
			repositoryURL = "https://github.com/dhp85/KcLibrarySwift1";
			requirement = {
				kind = upToNextMajorVersion;
				minimumVersion = 0.0.2;
			};
		};
		F7615B6B2CF49AC0003C8F8A /* XCRemoteSwiftPackageReference "CombineCocoa" */ = {
			isa = XCRemoteSwiftPackageReference;
			repositoryURL = "https://github.com/CombineCommunity/CombineCocoa";
			requirement = {
				kind = upToNextMajorVersion;
				minimumVersion = 0.4.1;
			};
		};
/* End XCRemoteSwiftPackageReference section */

/* Begin XCSwiftPackageProductDependency section */
		F70728A72CF62B6800B88F59 /* Kingfisher */ = {
			isa = XCSwiftPackageProductDependency;
			package = F70728A22CF62A9500B88F59 /* XCRemoteSwiftPackageReference "Kingfisher" */;
			productName = Kingfisher;
		};
		F7615B712CF49F5E003C8F8A /* KcLibrarySwift1 */ = {
			isa = XCSwiftPackageProductDependency;
			package = F7615B6A2CF498E2003C8F8A /* XCRemoteSwiftPackageReference "KcLibrarySwift1" */;
			productName = KcLibrarySwift1;
		};
		F7615B732CF49F64003C8F8A /* CombineCocoa */ = {
			isa = XCSwiftPackageProductDependency;
			package = F7615B6B2CF49AC0003C8F8A /* XCRemoteSwiftPackageReference "CombineCocoa" */;
			productName = CombineCocoa;
		};
/* End XCSwiftPackageProductDependency section */
	};
	rootObject = F7592AEE2CF216FF004C8606 /* Project object */;
}
